// !$*UTF8*$!
{
	archiveVersion = 1;
	classes = {
	};
	objectVersion = 46;
	objects = {

/* Begin PBXBuildFile section */
		1C39FAE41DCBAE2000CCF07C /* configmain.cpp in Sources */ = {isa = PBXBuildFile; fileRef = 1C39FAE21DCBAE2000CCF07C /* configmain.cpp */; };
		1C39FAE61DCBB78200CCF07C /* tests.cpp in Sources */ = {isa = PBXBuildFile; fileRef = 1C39FAE51DCBB78200CCF07C /* tests.cpp */; };
		1C39FAEA1DD119BE00CCF07C /* board.cpp in Sources */ = {isa = PBXBuildFile; fileRef = 1C39FAE81DD119BE00CCF07C /* board.cpp */; };
		1CCA39B51DCBAAAC0077DF07 /* game.cpp in Sources */ = {isa = PBXBuildFile; fileRef = 1CCA39B41DCBAAAC0077DF07 /* game.cpp */; };
/* End PBXBuildFile section */

/* Begin PBXCopyFilesBuildPhase section */
		1CCA39AF1DCBAAAC0077DF07 /* CopyFiles */ = {
			isa = PBXCopyFilesBuildPhase;
			buildActionMask = 2147483647;
			dstPath = /usr/share/man/man1/;
			dstSubfolderSpec = 0;
			files = (
			);
			runOnlyForDeploymentPostprocessing = 1;
		};
/* End PBXCopyFilesBuildPhase section */

/* Begin PBXFileReference section */
		1C39FAE21DCBAE2000CCF07C /* configmain.cpp */ = {isa = PBXFileReference; fileEncoding = 4; lastKnownFileType = sourcecode.cpp.cpp; path = configmain.cpp; sourceTree = "<group>"; };
		1C39FAE51DCBB78200CCF07C /* tests.cpp */ = {isa = PBXFileReference; fileEncoding = 4; lastKnownFileType = sourcecode.cpp.cpp; path = tests.cpp; sourceTree = "<group>"; };
		1C39FAE71DCBB99800CCF07C /* game.hpp */ = {isa = PBXFileReference; lastKnownFileType = sourcecode.cpp.h; path = game.hpp; sourceTree = "<group>"; };
		1C39FAE81DD119BE00CCF07C /* board.cpp */ = {isa = PBXFileReference; fileEncoding = 4; lastKnownFileType = sourcecode.cpp.cpp; path = board.cpp; sourceTree = "<group>"; };
		1C39FAE91DD119BE00CCF07C /* board.hpp */ = {isa = PBXFileReference; fileEncoding = 4; lastKnownFileType = sourcecode.cpp.h; path = board.hpp; sourceTree = "<group>"; };
		1CCA39B11DCBAAAC0077DF07 /* GameOfLife */ = {isa = PBXFileReference; explicitFileType = "compiled.mach-o.executable"; includeInIndex = 0; path = GameOfLife; sourceTree = BUILT_PRODUCTS_DIR; };
		1CCA39B41DCBAAAC0077DF07 /* game.cpp */ = {isa = PBXFileReference; lastKnownFileType = sourcecode.cpp.cpp; path = game.cpp; sourceTree = "<group>"; };
		1CCA39BB1DCBAD170077DF07 /* catch.hpp */ = {isa = PBXFileReference; fileEncoding = 4; lastKnownFileType = sourcecode.cpp.h; path = catch.hpp; sourceTree = "<group>"; };
/* End PBXFileReference section */

/* Begin PBXFrameworksBuildPhase section */
		1CCA39AE1DCBAAAC0077DF07 /* Frameworks */ = {
			isa = PBXFrameworksBuildPhase;
			buildActionMask = 2147483647;
			files = (
			);
			runOnlyForDeploymentPostprocessing = 0;
		};
/* End PBXFrameworksBuildPhase section */

/* Begin PBXGroup section */
		1CCA39A81DCBAAAC0077DF07 = {
			isa = PBXGroup;
			children = (
				1CCA39B31DCBAAAC0077DF07 /* GameOfLife */,
				1CCA39B21DCBAAAC0077DF07 /* Products */,
			);
			sourceTree = "<group>";
		};
		1CCA39B21DCBAAAC0077DF07 /* Products */ = {
			isa = PBXGroup;
			children = (
				1CCA39B11DCBAAAC0077DF07 /* GameOfLife */,
			);
			name = Products;
			sourceTree = "<group>";
		};
		1CCA39B31DCBAAAC0077DF07 /* GameOfLife */ = {
			isa = PBXGroup;
			children = (
				1CCA39B41DCBAAAC0077DF07 /* game.cpp */,
				1C39FAE71DCBB99800CCF07C /* game.hpp */,
				1C39FAE81DD119BE00CCF07C /* board.cpp */,
				1C39FAE91DD119BE00CCF07C /* board.hpp */,
				1CCA39BB1DCBAD170077DF07 /* catch.hpp */,
				1C39FAE21DCBAE2000CCF07C /* configmain.cpp */,
				1C39FAE51DCBB78200CCF07C /* tests.cpp */,
			);
			path = GameOfLife;
			sourceTree = "<group>";
		};
/* End PBXGroup section */

/* Begin PBXNativeTarget section */
		1CCA39B01DCBAAAC0077DF07 /* GameOfLife */ = {
			isa = PBXNativeTarget;
			buildConfigurationList = 1CCA39B81DCBAAAC0077DF07 /* Build configuration list for PBXNativeTarget "GameOfLife" */;
			buildPhases = (
				1CCA39AD1DCBAAAC0077DF07 /* Sources */,
				1CCA39AE1DCBAAAC0077DF07 /* Frameworks */,
				1CCA39AF1DCBAAAC0077DF07 /* CopyFiles */,
			);
			buildRules = (
			);
			dependencies = (
			);
			name = GameOfLife;
			productName = GameOfLife;
			productReference = 1CCA39B11DCBAAAC0077DF07 /* GameOfLife */;
			productType = "com.apple.product-type.tool";
		};
/* End PBXNativeTarget section */

/* Begin PBXProject section */
		1CCA39A91DCBAAAC0077DF07 /* Project object */ = {
			isa = PBXProject;
			attributes = {
				LastUpgradeCheck = 0810;
				ORGANIZATIONNAME = Jared;
				TargetAttributes = {
					1CCA39B01DCBAAAC0077DF07 = {
						CreatedOnToolsVersion = 8.1;
						ProvisioningStyle = Automatic;
					};
				};
			};
			buildConfigurationList = 1CCA39AC1DCBAAAC0077DF07 /* Build configuration list for PBXProject "GameOfLife" */;
			compatibilityVersion = "Xcode 3.2";
			developmentRegion = English;
			hasScannedForEncodings = 0;
			knownRegions = (
				en,
			);
			mainGroup = 1CCA39A81DCBAAAC0077DF07;
			productRefGroup = 1CCA39B21DCBAAAC0077DF07 /* Products */;
			projectDirPath = "";
			projectRoot = "";
			targets = (
				1CCA39B01DCBAAAC0077DF07 /* GameOfLife */,
			);
		};
/* End PBXProject section */

/* Begin PBXSourcesBuildPhase section */
		1CCA39AD1DCBAAAC0077DF07 /* Sources */ = {
			isa = PBXSourcesBuildPhase;
			buildActionMask = 2147483647;
			files = (
				1CCA39B51DCBAAAC0077DF07 /* game.cpp in Sources */,
				1C39FAE41DCBAE2000CCF07C /* configmain.cpp in Sources */,
				1C39FAEA1DD119BE00CCF07C /* board.cpp in Sources */,
				1C39FAE61DCBB78200CCF07C /* tests.cpp in Sources */,
			);
			runOnlyForDeploymentPostprocessing = 0;
		};
/* End PBXSourcesBuildPhase section */

/* Begin XCBuildConfiguration section */
		1CCA39B61DCBAAAC0077DF07 /* Debug */ = {
			isa = XCBuildConfiguration;
			buildSettings = {
				ALWAYS_SEARCH_USER_PATHS = NO;
				CLANG_ANALYZER_NONNULL = YES;
				CLANG_CXX_LANGUAGE_STANDARD = "gnu++0x";
				CLANG_CXX_LIBRARY = "libc++";
				CLANG_ENABLE_MODULES = YES;
				CLANG_ENABLE_OBJC_ARC = YES;
				CLANG_WARN_BOOL_CONVERSION = YES;
				CLANG_WARN_CONSTANT_CONVERSION = YES;
				CLANG_WARN_DIRECT_OBJC_ISA_USAGE = YES_ERROR;
				CLANG_WARN_DOCUMENTATION_COMMENTS = YES;
				CLANG_WARN_EMPTY_BODY = YES;
				CLANG_WARN_ENUM_CONVERSION = YES;
				CLANG_WARN_INFINITE_RECURSION = YES;
				CLANG_WARN_INT_CONVERSION = YES;
				CLANG_WARN_OBJC_ROOT_CLASS = YES_ERROR;
				CLANG_WARN_SUSPICIOUS_MOVES = YES;
				CLANG_WARN_UNREACHABLE_CODE = YES;
				CLANG_WARN__DUPLICATE_METHOD_MATCH = YES;
				CODE_SIGN_IDENTITY = "-";
				COPY_PHASE_STRIP = NO;
				DEBUG_INFORMATION_FORMAT = dwarf;
				ENABLE_STRICT_OBJC_MSGSEND = YES;
				ENABLE_TESTABILITY = YES;
				GCC_C_LANGUAGE_STANDARD = gnu99;
				GCC_DYNAMIC_NO_PIC = NO;
				GCC_NO_COMMON_BLOCKS = YES;
				GCC_OPTIMIZATION_LEVEL = 0;
				GCC_PREPROCESSOR_DEFINITIONS = (
					"DEBUG=1",
					"$(inherited)",
				);
				GCC_WARN_64_TO_32_BIT_CONVERSION = YES;
				GCC_WARN_ABOUT_RETURN_TYPE = YES_ERROR;
				GCC_WARN_UNDECLARED_SELECTOR = YES;
				GCC_WARN_UNINITIALIZED_AUTOS = YES_AGGRESSIVE;
				GCC_WARN_UNUSED_FUNCTION = YES;
				GCC_WARN_UNUSED_VARIABLE = YES;
				MACOSX_DEPLOYMENT_TARGET = 10.12;
				MTL_ENABLE_DEBUG_INFO = YES;
				ONLY_ACTIVE_ARCH = YES;
				SDKROOT = macosx;
			};
			name = Debug;
		};
		1CCA39B71DCBAAAC0077DF07 /* Release */ = {
			isa = XCBuildConfiguration;
			buildSettings = {
				ALWAYS_SEARCH_USER_PATHS = NO;
				CLANG_ANALYZER_NONNULL = YES;
				CLANG_CXX_LANGUAGE_STANDARD = "gnu++0x";
				CLANG_CXX_LIBRARY = "libc++";
				CLANG_ENABLE_MODULES = YES;
				CLANG_ENABLE_OBJC_ARC = YES;
				CLANG_WARN_BOOL_CONVERSION = YES;
				CLANG_WARN_CONSTANT_CONVERSION = YES;
				CLANG_WARN_DIRECT_OBJC_ISA_USAGE = YES_ERROR;
				CLANG_WARN_DOCUMENTATION_COMMENTS = YES;
				CLANG_WARN_EMPTY_BODY = YES;
				CLANG_WARN_ENUM_CONVERSION = YES;
				CLANG_WARN_INFINITE_RECURSION = YES;
				CLANG_WARN_INT_CONVERSION = YES;
				CLANG_WARN_OBJC_ROOT_CLASS = YES_ERROR;
				CLANG_WARN_SUSPICIOUS_MOVES = YES;
				CLANG_WARN_UNREACHABLE_CODE = YES;
				CLANG_WARN__DUPLICATE_METHOD_MATCH = YES;
				CODE_SIGN_IDENTITY = "-";
				COPY_PHASE_STRIP = NO;
				DEBUG_INFORMATION_FORMAT = "dwarf-with-dsym";
				ENABLE_NS_ASSERTIONS = NO;
				ENABLE_STRICT_OBJC_MSGSEND = YES;
				GCC_C_LANGUAGE_STANDARD = gnu99;
				GCC_NO_COMMON_BLOCKS = YES;
				GCC_WARN_64_TO_32_BIT_CONVERSION = YES;
				GCC_WARN_ABOUT_RETURN_TYPE = YES_ERROR;
				GCC_WARN_UNDECLARED_SELECTOR = YES;
				GCC_WARN_UNINITIALIZED_AUTOS = YES_AGGRESSIVE;
				GCC_WARN_UNUSED_FUNCTION = YES;
				GCC_WARN_UNUSED_VARIABLE = YES;
				MACOSX_DEPLOYMENT_TARGET = 10.12;
				MTL_ENABLE_DEBUG_INFO = NO;
				SDKROOT = macosx;
			};
			name = Release;
		};
		1CCA39B91DCBAAAC0077DF07 /* Debug */ = {
			isa = XCBuildConfiguration;
			buildSettings = {
				PRODUCT_NAME = "$(TARGET_NAME)";
			};
			name = Debug;
		};
		1CCA39BA1DCBAAAC0077DF07 /* Release */ = {
			isa = XCBuildConfiguration;
			buildSettings = {
				PRODUCT_NAME = "$(TARGET_NAME)";
			};
			name = Release;
		};
/* End XCBuildConfiguration section */

/* Begin XCConfigurationList section */
		1CCA39AC1DCBAAAC0077DF07 /* Build configuration list for PBXProject "GameOfLife" */ = {
			isa = XCConfigurationList;
			buildConfigurations = (
				1CCA39B61DCBAAAC0077DF07 /* Debug */,
				1CCA39B71DCBAAAC0077DF07 /* Release */,
			);
			defaultConfigurationIsVisible = 0;
			defaultConfigurationName = Release;
		};
		1CCA39B81DCBAAAC0077DF07 /* Build configuration list for PBXNativeTarget "GameOfLife" */ = {
			isa = XCConfigurationList;
			buildConfigurations = (
				1CCA39B91DCBAAAC0077DF07 /* Debug */,
				1CCA39BA1DCBAAAC0077DF07 /* Release */,
			);
			defaultConfigurationIsVisible = 0;
			defaultConfigurationName = Release;
		};
/* End XCConfigurationList section */
	};
	rootObject = 1CCA39A91DCBAAAC0077DF07 /* Project object */;
}
